
Microsoft Visual Studio Solution File, Format Version 12.00
# Visual Studio Version 16
VisualStudioVersion = 16.0.31205.134
MinimumVisualStudioVersion = 10.0.40219.1
Project("{FAE04EC0-301F-11D3-BF4B-00C04F79EFBC}") = "SendingEmailFromSMTP", "SendingEmailFromSMTP\SendingEmailFromSMTP.csproj", "{ED45A747-0F09-4368-8EC2-827256196ADC}"
EndProject
Global
	GlobalSection(SolutionConfigurationPlatforms) = preSolution
		Debug|Any CPU = Debug|Any CPU
		Release|Any CPU = Release|Any CPU
	EndGlobalSection
	GlobalSection(ProjectConfigurationPlatforms) = postSolution
		{ED45A747-0F09-4368-8EC2-827256196ADC}.Debug|Any CPU.ActiveCfg = Debug|Any CPU
		{ED45A747-0F09-4368-8EC2-827256196ADC}.Debug|Any CPU.Build.0 = Debug|Any CPU
		{ED45A747-0F09-4368-8EC2-827256196ADC}.Release|Any CPU.ActiveCfg = Release|Any CPU
		{ED45A747-0F09-4368-8EC2-827256196ADC}.Release|Any CPU.Build.0 = Release|Any CPU
	EndGlobalSection
	GlobalSection(SolutionProperties) = preSolution
		HideSolutionNode = FALSE
	EndGlobalSection
	GlobalSection(ExtensibilityGlobals) = postSolution
		SolutionGuid = {E921AEEF-FDAB-4C9B-98B0-6066AD26739F}
	EndGlobalSection
EndGlobal
